{
    "_meta": {
        "hash": {
            "sha256": "b34d00261eed82c8ca36ba6733d0f83e5a459703af43f77df75fc2d10ba7a146"
        },
        "pipfile-spec": 6,
        "requires": {},
        "sources": [
            {
                "name": "pypi",
                "url": "https://pypi.org/simple",
                "verify_ssl": true
            }
        ]
    },
    "default": {
        "jfly": {
            "path": "./jfly-package",
            "version": "==0.42.0"
        },
        "setuptools": {
            "hashes": [
                "sha256:8f4813dd6a4d6cc17bde85fb2e635fe19763f96efbb0ddf5575562e5ee0bc47a",
                "sha256:c3d4e2ab578fbf83775755cd76dae73627915a22832cf4ea5de895978767833b"
            ],
            "index": "pypi",
            "version": "==61.2.0"
        },
        "six": {
            "hashes": [
                "sha256:1e61c37477a1626458e36f7b1d82aa5c9b094fa4802892072e49de9c60c4c926",
                "sha256:8abb2f1d86890a2dfb989f9a77cfcfd3e47c2a354b01111771326f8aa26e0254"
            ],
            "markers": "python_version >= '2.7' and python_version not in '3.0, 3.1, 3.2, 3.3'",
            "version": "==1.16.0"
        }
    },
    "develop": {}
}
